name: Refresh Bun lockfile

on:
  push:
    branches:
      - fix/aikido-security-sast-85872894-tfut

permissions:
  contents: write

jobs:
  refresh:
    if: github.actor != 'github-actions[bot]'
    runs-on: ubuntu-latest
    steps:
      - uses: actions/checkout@v4
      - uses: oven-sh/setup-bun@v2
      - run: bun install
      - name: Commit updated lockfile
        run: |
          if git diff --quiet -- bun.lock; then
            echo "bun.lock is already current"
            exit 0
          fi
          git config user.name "github-actions[bot]"
          git config user.email "41898282+github-actions[bot]@users.noreply.github.com"
          git add bun.lock
          git commit -m "chore(security): refresh Bun lockfile"
          git push
